// !$*UTF8*$!
{
	archiveVersion = 1;
	classes = {
	};
	objectVersion = 46;
	objects = {

/* Begin PBXBuildFile section */
		18A6C9771CE3FB4F0035B2F8 /* main.swift in Sources */ = {isa = PBXBuildFile; fileRef = 18A6C9761CE3FB4F0035B2F8 /* main.swift */; };
		18A6C97F1CE3FC550035B2F8 /* CalendarUtils.swift in Sources */ = {isa = PBXBuildFile; fileRef = 18A6C97E1CE3FC550035B2F8 /* CalendarUtils.swift */; };
		18A6C9811CE3FC620035B2F8 /* DateClass.swift in Sources */ = {isa = PBXBuildFile; fileRef = 18A6C9801CE3FC620035B2F8 /* DateClass.swift */; };
		18A6C9891CE3FCD70035B2F8 /* UnitTesting.swift in Sources */ = {isa = PBXBuildFile; fileRef = 18A6C9881CE3FCD70035B2F8 /* UnitTesting.swift */; };
/* End PBXBuildFile section */

/* Begin PBXCopyFilesBuildPhase section */
		18A6C9711CE3FB4F0035B2F8 /* CopyFiles */ = {
			isa = PBXCopyFilesBuildPhase;
			buildActionMask = 2147483647;
			dstPath = /usr/share/man/man1/;
			dstSubfolderSpec = 0;
			files = (
			);
			runOnlyForDeploymentPostprocessing = 1;
		};
/* End PBXCopyFilesBuildPhase section */

/* Begin PBXFileReference section */
		18A6C9731CE3FB4F0035B2F8 /* DateCalculator */ = {isa = PBXFileReference; explicitFileType = "compiled.mach-o.executable"; includeInIndex = 0; path = DateCalculator; sourceTree = BUILT_PRODUCTS_DIR; };
		18A6C9761CE3FB4F0035B2F8 /* main.swift */ = {isa = PBXFileReference; lastKnownFileType = sourcecode.swift; path = main.swift; sourceTree = "<group>"; };
		18A6C97D1CE3FC0F0035B2F8 /* Readme.txt */ = {isa = PBXFileReference; fileEncoding = 4; lastKnownFileType = text; path = Readme.txt; sourceTree = "<group>"; };
		18A6C97E1CE3FC550035B2F8 /* CalendarUtils.swift */ = {isa = PBXFileReference; fileEncoding = 4; lastKnownFileType = sourcecode.swift; path = CalendarUtils.swift; sourceTree = "<group>"; };
		18A6C9801CE3FC620035B2F8 /* DateClass.swift */ = {isa = PBXFileReference; fileEncoding = 4; lastKnownFileType = sourcecode.swift; path = DateClass.swift; sourceTree = "<group>"; };
		18A6C9861CE3FCD70035B2F8 /* UnitTesting.xctest */ = {isa = PBXFileReference; explicitFileType = wrapper.cfbundle; includeInIndex = 0; path = UnitTesting.xctest; sourceTree = BUILT_PRODUCTS_DIR; };
		18A6C9881CE3FCD70035B2F8 /* UnitTesting.swift */ = {isa = PBXFileReference; lastKnownFileType = sourcecode.swift; path = UnitTesting.swift; sourceTree = "<group>"; };
		18A6C98A1CE3FCD70035B2F8 /* Info.plist */ = {isa = PBXFileReference; lastKnownFileType = text.plist.xml; path = Info.plist; sourceTree = "<group>"; };
/* End PBXFileReference section */

/* Begin PBXFrameworksBuildPhase section */
		18A6C9701CE3FB4F0035B2F8 /* Frameworks */ = {
			isa = PBXFrameworksBuildPhase;
			buildActionMask = 2147483647;
			files = (
			);
			runOnlyForDeploymentPostprocessing = 0;
		};
		18A6C9831CE3FCD70035B2F8 /* Frameworks */ = {
			isa = PBXFrameworksBuildPhase;
			buildActionMask = 2147483647;
			files = (
			);
			runOnlyForDeploymentPostprocessing = 0;
		};
/* End PBXFrameworksBuildPhase section */

/* Begin PBXGroup section */
		18A6C96A1CE3FB4F0035B2F8 = {
			isa = PBXGroup;
			children = (
				18A6C97D1CE3FC0F0035B2F8 /* Readme.txt */,
				18A6C9751CE3FB4F0035B2F8 /* DateCalculator */,
				18A6C9871CE3FCD70035B2F8 /* UnitTesting */,
				18A6C9741CE3FB4F0035B2F8 /* Products */,
			);
			sourceTree = "<group>";
		};
		18A6C9741CE3FB4F0035B2F8 /* Products */ = {
			isa = PBXGroup;
			children = (
				18A6C9731CE3FB4F0035B2F8 /* DateCalculator */,
				18A6C9861CE3FCD70035B2F8 /* UnitTesting.xctest */,
			);
			name = Products;
			sourceTree = "<group>";
		};
		18A6C9751CE3FB4F0035B2F8 /* DateCalculator */ = {
			isa = PBXGroup;
			children = (
				18A6C9761CE3FB4F0035B2F8 /* main.swift */,
				18A6C97E1CE3FC550035B2F8 /* CalendarUtils.swift */,
				18A6C9801CE3FC620035B2F8 /* DateClass.swift */,
			);
			path = DateCalculator;
			sourceTree = "<group>";
		};
		18A6C9871CE3FCD70035B2F8 /* UnitTesting */ = {
			isa = PBXGroup;
			children = (
				18A6C9881CE3FCD70035B2F8 /* UnitTesting.swift */,
				18A6C98A1CE3FCD70035B2F8 /* Info.plist */,
			);
			path = UnitTesting;
			sourceTree = "<group>";
		};
/* End PBXGroup section */

/* Begin PBXNativeTarget section */
		18A6C9721CE3FB4F0035B2F8 /* DateCalculator */ = {
			isa = PBXNativeTarget;
			buildConfigurationList = 18A6C97A1CE3FB4F0035B2F8 /* Build configuration list for PBXNativeTarget "DateCalculator" */;
			buildPhases = (
				18A6C96F1CE3FB4F0035B2F8 /* Sources */,
				18A6C9701CE3FB4F0035B2F8 /* Frameworks */,
				18A6C9711CE3FB4F0035B2F8 /* CopyFiles */,
			);
			buildRules = (
			);
			dependencies = (
			);
			name = DateCalculator;
			productName = DateCalculator;
			productReference = 18A6C9731CE3FB4F0035B2F8 /* DateCalculator */;
			productType = "com.apple.product-type.tool";
		};
		18A6C9851CE3FCD70035B2F8 /* UnitTesting */ = {
			isa = PBXNativeTarget;
			buildConfigurationList = 18A6C98B1CE3FCD70035B2F8 /* Build configuration list for PBXNativeTarget "UnitTesting" */;
			buildPhases = (
				18A6C9821CE3FCD70035B2F8 /* Sources */,
				18A6C9831CE3FCD70035B2F8 /* Frameworks */,
				18A6C9841CE3FCD70035B2F8 /* Resources */,
			);
			buildRules = (
			);
			dependencies = (
			);
			name = UnitTesting;
			productName = UnitTesting;
			productReference = 18A6C9861CE3FCD70035B2F8 /* UnitTesting.xctest */;
			productType = "com.apple.product-type.bundle.unit-test";
		};
/* End PBXNativeTarget section */

/* Begin PBXProject section */
		18A6C96B1CE3FB4F0035B2F8 /* Project object */ = {
			isa = PBXProject;
			attributes = {
				LastSwiftUpdateCheck = 0730;
				LastUpgradeCheck = 0730;
				ORGANIZATIONNAME = "Hadi Shad";
				TargetAttributes = {
					18A6C9721CE3FB4F0035B2F8 = {
						CreatedOnToolsVersion = 7.3;
					};
					18A6C9851CE3FCD70035B2F8 = {
						CreatedOnToolsVersion = 7.3;
					};
				};
			};
			buildConfigurationList = 18A6C96E1CE3FB4F0035B2F8 /* Build configuration list for PBXProject "DateCalculator" */;
			compatibilityVersion = "Xcode 3.2";
			developmentRegion = English;
			hasScannedForEncodings = 0;
			knownRegions = (
				en,
			);
			mainGroup = 18A6C96A1CE3FB4F0035B2F8;
			productRefGroup = 18A6C9741CE3FB4F0035B2F8 /* Products */;
			projectDirPath = "";
			projectRoot = "";
			targets = (
				18A6C9721CE3FB4F0035B2F8 /* DateCalculator */,
				18A6C9851CE3FCD70035B2F8 /* UnitTesting */,
			);
		};
/* End PBXProject section */

/* Begin PBXResourcesBuildPhase section */
		18A6C9841CE3FCD70035B2F8 /* Resources */ = {
			isa = PBXResourcesBuildPhase;
			buildActionMask = 2147483647;
			files = (
			);
			runOnlyForDeploymentPostprocessing = 0;
		};
/* End PBXResourcesBuildPhase section */

/* Begin PBXSourcesBuildPhase section */
		18A6C96F1CE3FB4F0035B2F8 /* Sources */ = {
			isa = PBXSourcesBuildPhase;
			buildActionMask = 2147483647;
			files = (
				18A6C9811CE3FC620035B2F8 /* DateClass.swift in Sources */,
				18A6C9771CE3FB4F0035B2F8 /* main.swift in Sources */,
				18A6C97F1CE3FC550035B2F8 /* CalendarUtils.swift in Sources */,
			);
			runOnlyForDeploymentPostprocessing = 0;
		};
		18A6C9821CE3FCD70035B2F8 /* Sources */ = {
			isa = PBXSourcesBuildPhase;
			buildActionMask = 2147483647;
			files = (
				18A6C9891CE3FCD70035B2F8 /* UnitTesting.swift in Sources */,
			);
			runOnlyForDeploymentPostprocessing = 0;
		};
/* End PBXSourcesBuildPhase section */

/* Begin XCBuildConfiguration section */
		18A6C9781CE3FB4F0035B2F8 /* Debug */ = {
			isa = XCBuildConfiguration;
			buildSettings = {
				ALWAYS_SEARCH_USER_PATHS = NO;
				CLANG_ANALYZER_NONNULL = YES;
				CLANG_CXX_LANGUAGE_STANDARD = "gnu++0x";
				CLANG_CXX_LIBRARY = "libc++";
				CLANG_ENABLE_MODULES = YES;
				CLANG_ENABLE_OBJC_ARC = YES;
				CLANG_WARN_BOOL_CONVERSION = YES;
				CLANG_WARN_CONSTANT_CONVERSION = YES;
				CLANG_WARN_DIRECT_OBJC_ISA_USAGE = YES_ERROR;
				CLANG_WARN_EMPTY_BODY = YES;
				CLANG_WARN_ENUM_CONVERSION = YES;
				CLANG_WARN_INT_CONVERSION = YES;
				CLANG_WARN_OBJC_ROOT_CLASS = YES_ERROR;
				CLANG_WARN_UNREACHABLE_CODE = YES;
				CLANG_WARN__DUPLICATE_METHOD_MATCH = YES;
				CODE_SIGN_IDENTITY = "-";
				COPY_PHASE_STRIP = NO;
				DEBUG_INFORMATION_FORMAT = dwarf;
				ENABLE_STRICT_OBJC_MSGSEND = YES;
				ENABLE_TESTABILITY = YES;
				GCC_C_LANGUAGE_STANDARD = gnu99;
				GCC_DYNAMIC_NO_PIC = NO;
				GCC_NO_COMMON_BLOCKS = YES;
				GCC_OPTIMIZATION_LEVEL = 0;
				GCC_PREPROCESSOR_DEFINITIONS = (
					"DEBUG=1",
					"$(inherited)",
				);
				GCC_WARN_64_TO_32_BIT_CONVERSION = YES;
				GCC_WARN_ABOUT_RETURN_TYPE = YES_ERROR;
				GCC_WARN_UNDECLARED_SELECTOR = YES;
				GCC_WARN_UNINITIALIZED_AUTOS = YES_AGGRESSIVE;
				GCC_WARN_UNUSED_FUNCTION = YES;
				GCC_WARN_UNUSED_VARIABLE = YES;
				MACOSX_DEPLOYMENT_TARGET = 10.9;
				MTL_ENABLE_DEBUG_INFO = YES;
				ONLY_ACTIVE_ARCH = YES;
				SDKROOT = macosx;
				SWIFT_OPTIMIZATION_LEVEL = "-Onone";
			};
			name = Debug;
		};
		18A6C9791CE3FB4F0035B2F8 /* Release */ = {
			isa = XCBuildConfiguration;
			buildSettings = {
				ALWAYS_SEARCH_USER_PATHS = NO;
				CLANG_ANALYZER_NONNULL = YES;
				CLANG_CXX_LANGUAGE_STANDARD = "gnu++0x";
				CLANG_CXX_LIBRARY = "libc++";
				CLANG_ENABLE_MODULES = YES;
				CLANG_ENABLE_OBJC_ARC = YES;
				CLANG_WARN_BOOL_CONVERSION = YES;
				CLANG_WARN_CONSTANT_CONVERSION = YES;
				CLANG_WARN_DIRECT_OBJC_ISA_USAGE = YES_ERROR;
				CLANG_WARN_EMPTY_BODY = YES;
				CLANG_WARN_ENUM_CONVERSION = YES;
				CLANG_WARN_INT_CONVERSION = YES;
				CLANG_WARN_OBJC_ROOT_CLASS = YES_ERROR;
				CLANG_WARN_UNREACHABLE_CODE = YES;
				CLANG_WARN__DUPLICATE_METHOD_MATCH = YES;
				CODE_SIGN_IDENTITY = "-";
				COPY_PHASE_STRIP = NO;
				DEBUG_INFORMATION_FORMAT = "dwarf-with-dsym";
				ENABLE_NS_ASSERTIONS = NO;
				ENABLE_STRICT_OBJC_MSGSEND = YES;
				GCC_C_LANGUAGE_STANDARD = gnu99;
				GCC_NO_COMMON_BLOCKS = YES;
				GCC_WARN_64_TO_32_BIT_CONVERSION = YES;
				GCC_WARN_ABOUT_RETURN_TYPE = YES_ERROR;
				GCC_WARN_UNDECLARED_SELECTOR = YES;
				GCC_WARN_UNINITIALIZED_AUTOS = YES_AGGRESSIVE;
				GCC_WARN_UNUSED_FUNCTION = YES;
				GCC_WARN_UNUSED_VARIABLE = YES;
				MACOSX_DEPLOYMENT_TARGET = 10.9;
				MTL_ENABLE_DEBUG_INFO = NO;
				SDKROOT = macosx;
			};
			name = Release;
		};
		18A6C97B1CE3FB4F0035B2F8 /* Debug */ = {
			isa = XCBuildConfiguration;
			buildSettings = {
				PRODUCT_NAME = "$(TARGET_NAME)";
			};
			name = Debug;
		};
		18A6C97C1CE3FB4F0035B2F8 /* Release */ = {
			isa = XCBuildConfiguration;
			buildSettings = {
				PRODUCT_NAME = "$(TARGET_NAME)";
			};
			name = Release;
		};
		18A6C98C1CE3FCD70035B2F8 /* Debug */ = {
			isa = XCBuildConfiguration;
			buildSettings = {
				COMBINE_HIDPI_IMAGES = YES;
				INFOPLIST_FILE = UnitTesting/Info.plist;
				LD_RUNPATH_SEARCH_PATHS = "$(inherited) @executable_path/../Frameworks @loader_path/../Frameworks";
				MACOSX_DEPLOYMENT_TARGET = 10.11;
				PRODUCT_BUNDLE_IDENTIFIER = mrhadi.UnitTesting;
				PRODUCT_NAME = "$(TARGET_NAME)";
			};
			name = Debug;
		};
		18A6C98D1CE3FCD70035B2F8 /* Release */ = {
			isa = XCBuildConfiguration;
			buildSettings = {
				COMBINE_HIDPI_IMAGES = YES;
				INFOPLIST_FILE = UnitTesting/Info.plist;
				LD_RUNPATH_SEARCH_PATHS = "$(inherited) @executable_path/../Frameworks @loader_path/../Frameworks";
				MACOSX_DEPLOYMENT_TARGET = 10.11;
				PRODUCT_BUNDLE_IDENTIFIER = mrhadi.UnitTesting;
				PRODUCT_NAME = "$(TARGET_NAME)";
			};
			name = Release;
		};
/* End XCBuildConfiguration section */

/* Begin XCConfigurationList section */
		18A6C96E1CE3FB4F0035B2F8 /* Build configuration list for PBXProject "DateCalculator" */ = {
			isa = XCConfigurationList;
			buildConfigurations = (
				18A6C9781CE3FB4F0035B2F8 /* Debug */,
				18A6C9791CE3FB4F0035B2F8 /* Release */,
			);
			defaultConfigurationIsVisible = 0;
			defaultConfigurationName = Release;
		};
		18A6C97A1CE3FB4F0035B2F8 /* Build configuration list for PBXNativeTarget "DateCalculator" */ = {
			isa = XCConfigurationList;
			buildConfigurations = (
				18A6C97B1CE3FB4F0035B2F8 /* Debug */,
				18A6C97C1CE3FB4F0035B2F8 /* Release */,
			);
			defaultConfigurationIsVisible = 0;
		};
		18A6C98B1CE3FCD70035B2F8 /* Build configuration list for PBXNativeTarget "UnitTesting" */ = {
			isa = XCConfigurationList;
			buildConfigurations = (
				18A6C98C1CE3FCD70035B2F8 /* Debug */,
				18A6C98D1CE3FCD70035B2F8 /* Release */,
			);
			defaultConfigurationIsVisible = 0;
		};
/* End XCConfigurationList section */
	};
	rootObject = 18A6C96B1CE3FB4F0035B2F8 /* Project object */;
}
